
Microsoft Visual Studio Solution File, Format Version 12.00
# Visual Studio Version 16
VisualStudioVersion = 16.0.29411.108
MinimumVisualStudioVersion = 10.0.40219.1
Project("{FAE04EC0-301F-11D3-BF4B-00C04F79EFBC}") = "TshirtApp.Android", "App1\App1.Android\TshirtApp.Android.csproj", "{1E7107EA-BEE4-4F4D-B9C2-D872A8723406}"
EndProject
Project("{FAE04EC0-301F-11D3-BF4B-00C04F79EFBC}") = "TshirtApp.iOS", "App1\App1.iOS\TshirtApp.iOS.csproj", "{257004F6-2403-4D7B-ADB3-B86EC30EA2F0}"
EndProject
Project("{9A19103F-16F7-4668-BE54-9A1E7A4F7556}") = "TshirtApp", "App1\App1\TshirtApp.csproj", "{EADC7B1D-0046-4B3C-AC12-4585235E63E7}"
EndProject
Project("{9A19103F-16F7-4668-BE54-9A1E7A4F7556}") = "WebAPI", "WebAPI\WebAPI.csproj", "{2608D58E-5D59-44D6-815A-A815BFD3B09A}"
EndProject
Global
	GlobalSection(SolutionConfigurationPlatforms) = preSolution
		Debug|Any CPU = Debug|Any CPU
		Debug|iPhone = Debug|iPhone
		Debug|iPhoneSimulator = Debug|iPhoneSimulator
		Release|Any CPU = Release|Any CPU
		Release|iPhone = Release|iPhone
		Release|iPhoneSimulator = Release|iPhoneSimulator
	EndGlobalSection
	GlobalSection(ProjectConfigurationPlatforms) = postSolution
		{1E7107EA-BEE4-4F4D-B9C2-D872A8723406}.Debug|Any CPU.ActiveCfg = Debug|Any CPU
		{1E7107EA-BEE4-4F4D-B9C2-D872A8723406}.Debug|Any CPU.Build.0 = Debug|Any CPU
		{1E7107EA-BEE4-4F4D-B9C2-D872A8723406}.Debug|Any CPU.Deploy.0 = Debug|Any CPU
		{1E7107EA-BEE4-4F4D-B9C2-D872A8723406}.Debug|iPhone.ActiveCfg = Debug|Any CPU
		{1E7107EA-BEE4-4F4D-B9C2-D872A8723406}.Debug|iPhone.Build.0 = Debug|Any CPU
		{1E7107EA-BEE4-4F4D-B9C2-D872A8723406}.Debug|iPhone.Deploy.0 = Debug|Any CPU
		{1E7107EA-BEE4-4F4D-B9C2-D872A8723406}.Debug|iPhoneSimulator.ActiveCfg = Debug|Any CPU
		{1E7107EA-BEE4-4F4D-B9C2-D872A8723406}.Debug|iPhoneSimulator.Build.0 = Debug|Any CPU
		{1E7107EA-BEE4-4F4D-B9C2-D872A8723406}.Debug|iPhoneSimulator.Deploy.0 = Debug|Any CPU
		{1E7107EA-BEE4-4F4D-B9C2-D872A8723406}.Release|Any CPU.ActiveCfg = Release|Any CPU
		{1E7107EA-BEE4-4F4D-B9C2-D872A8723406}.Release|Any CPU.Build.0 = Release|Any CPU
		{1E7107EA-BEE4-4F4D-B9C2-D872A8723406}.Release|Any CPU.Deploy.0 = Release|Any CPU
		{1E7107EA-BEE4-4F4D-B9C2-D872A8723406}.Release|iPhone.ActiveCfg = Release|Any CPU
		{1E7107EA-BEE4-4F4D-B9C2-D872A8723406}.Release|iPhone.Build.0 = Release|Any CPU
		{1E7107EA-BEE4-4F4D-B9C2-D872A8723406}.Release|iPhone.Deploy.0 = Release|Any CPU
		{1E7107EA-BEE4-4F4D-B9C2-D872A8723406}.Release|iPhoneSimulator.ActiveCfg = Release|Any CPU
		{1E7107EA-BEE4-4F4D-B9C2-D872A8723406}.Release|iPhoneSimulator.Build.0 = Release|Any CPU
		{1E7107EA-BEE4-4F4D-B9C2-D872A8723406}.Release|iPhoneSimulator.Deploy.0 = Release|Any CPU
		{257004F6-2403-4D7B-ADB3-B86EC30EA2F0}.Debug|Any CPU.ActiveCfg = Debug|iPhoneSimulator
		{257004F6-2403-4D7B-ADB3-B86EC30EA2F0}.Debug|Any CPU.Build.0 = Debug|iPhoneSimulator
		{257004F6-2403-4D7B-ADB3-B86EC30EA2F0}.Debug|Any CPU.Deploy.0 = Debug|iPhoneSimulator
		{257004F6-2403-4D7B-ADB3-B86EC30EA2F0}.Debug|iPhone.ActiveCfg = Debug|iPhone
		{257004F6-2403-4D7B-ADB3-B86EC30EA2F0}.Debug|iPhone.Build.0 = Debug|iPhone
		{257004F6-2403-4D7B-ADB3-B86EC30EA2F0}.Debug|iPhone.Deploy.0 = Debug|iPhone
		{257004F6-2403-4D7B-ADB3-B86EC30EA2F0}.Debug|iPhoneSimulator.ActiveCfg = Debug|iPhoneSimulator
		{257004F6-2403-4D7B-ADB3-B86EC30EA2F0}.Debug|iPhoneSimulator.Build.0 = Debug|iPhoneSimulator
		{257004F6-2403-4D7B-ADB3-B86EC30EA2F0}.Debug|iPhoneSimulator.Deploy.0 = Debug|iPhoneSimulator
		{257004F6-2403-4D7B-ADB3-B86EC30EA2F0}.Release|Any CPU.ActiveCfg = Release|iPhone
		{257004F6-2403-4D7B-ADB3-B86EC30EA2F0}.Release|Any CPU.Build.0 = Release|iPhone
		{257004F6-2403-4D7B-ADB3-B86EC30EA2F0}.Release|Any CPU.Deploy.0 = Release|iPhone
		{257004F6-2403-4D7B-ADB3-B86EC30EA2F0}.Release|iPhone.ActiveCfg = Release|iPhone
		{257004F6-2403-4D7B-ADB3-B86EC30EA2F0}.Release|iPhone.Build.0 = Release|iPhone
		{257004F6-2403-4D7B-ADB3-B86EC30EA2F0}.Release|iPhone.Deploy.0 = Release|iPhone
		{257004F6-2403-4D7B-ADB3-B86EC30EA2F0}.Release|iPhoneSimulator.ActiveCfg = Release|iPhoneSimulator
		{257004F6-2403-4D7B-ADB3-B86EC30EA2F0}.Release|iPhoneSimulator.Build.0 = Release|iPhoneSimulator
		{257004F6-2403-4D7B-ADB3-B86EC30EA2F0}.Release|iPhoneSimulator.Deploy.0 = Release|iPhoneSimulator
		{EADC7B1D-0046-4B3C-AC12-4585235E63E7}.Debug|Any CPU.ActiveCfg = Debug|Any CPU
		{EADC7B1D-0046-4B3C-AC12-4585235E63E7}.Debug|Any CPU.Build.0 = Debug|Any CPU
		{EADC7B1D-0046-4B3C-AC12-4585235E63E7}.Debug|Any CPU.Deploy.0 = Debug|Any CPU
		{EADC7B1D-0046-4B3C-AC12-4585235E63E7}.Debug|iPhone.ActiveCfg = Debug|Any CPU
		{EADC7B1D-0046-4B3C-AC12-4585235E63E7}.Debug|iPhone.Build.0 = Debug|Any CPU
		{EADC7B1D-0046-4B3C-AC12-4585235E63E7}.Debug|iPhone.Deploy.0 = Debug|Any CPU
		{EADC7B1D-0046-4B3C-AC12-4585235E63E7}.Debug|iPhoneSimulator.ActiveCfg = Debug|Any CPU
		{EADC7B1D-0046-4B3C-AC12-4585235E63E7}.Debug|iPhoneSimulator.Build.0 = Debug|Any CPU
		{EADC7B1D-0046-4B3C-AC12-4585235E63E7}.Debug|iPhoneSimulator.Deploy.0 = Debug|Any CPU
		{EADC7B1D-0046-4B3C-AC12-4585235E63E7}.Release|Any CPU.ActiveCfg = Release|Any CPU
		{EADC7B1D-0046-4B3C-AC12-4585235E63E7}.Release|Any CPU.Build.0 = Release|Any CPU
		{EADC7B1D-0046-4B3C-AC12-4585235E63E7}.Release|Any CPU.Deploy.0 = Release|Any CPU
		{EADC7B1D-0046-4B3C-AC12-4585235E63E7}.Release|iPhone.ActiveCfg = Release|Any CPU
		{EADC7B1D-0046-4B3C-AC12-4585235E63E7}.Release|iPhone.Build.0 = Release|Any CPU
		{EADC7B1D-0046-4B3C-AC12-4585235E63E7}.Release|iPhone.Deploy.0 = Release|Any CPU
		{EADC7B1D-0046-4B3C-AC12-4585235E63E7}.Release|iPhoneSimulator.ActiveCfg = Release|Any CPU
		{EADC7B1D-0046-4B3C-AC12-4585235E63E7}.Release|iPhoneSimulator.Build.0 = Release|Any CPU
		{EADC7B1D-0046-4B3C-AC12-4585235E63E7}.Release|iPhoneSimulator.Deploy.0 = Release|Any CPU
		{2608D58E-5D59-44D6-815A-A815BFD3B09A}.Debug|Any CPU.ActiveCfg = Debug|Any CPU
		{2608D58E-5D59-44D6-815A-A815BFD3B09A}.Debug|Any CPU.Build.0 = Debug|Any CPU
		{2608D58E-5D59-44D6-815A-A815BFD3B09A}.Debug|iPhone.ActiveCfg = Debug|Any CPU
		{2608D58E-5D59-44D6-815A-A815BFD3B09A}.Debug|iPhone.Build.0 = Debug|Any CPU
		{2608D58E-5D59-44D6-815A-A815BFD3B09A}.Debug|iPhoneSimulator.ActiveCfg = Debug|Any CPU
		{2608D58E-5D59-44D6-815A-A815BFD3B09A}.Debug|iPhoneSimulator.Build.0 = Debug|Any CPU
		{2608D58E-5D59-44D6-815A-A815BFD3B09A}.Release|Any CPU.ActiveCfg = Release|Any CPU
		{2608D58E-5D59-44D6-815A-A815BFD3B09A}.Release|Any CPU.Build.0 = Release|Any CPU
		{2608D58E-5D59-44D6-815A-A815BFD3B09A}.Release|iPhone.ActiveCfg = Release|Any CPU
		{2608D58E-5D59-44D6-815A-A815BFD3B09A}.Release|iPhone.Build.0 = Release|Any CPU
		{2608D58E-5D59-44D6-815A-A815BFD3B09A}.Release|iPhoneSimulator.ActiveCfg = Release|Any CPU
		{2608D58E-5D59-44D6-815A-A815BFD3B09A}.Release|iPhoneSimulator.Build.0 = Release|Any CPU
	EndGlobalSection
	GlobalSection(SolutionProperties) = preSolution
		HideSolutionNode = FALSE
	EndGlobalSection
	GlobalSection(ExtensibilityGlobals) = postSolution
		SolutionGuid = {3F6505FD-E9CA-418E-A384-C8BE8490CE17}
	EndGlobalSection
EndGlobal
